
Microsoft Visual Studio Solution File, Format Version 12.00
Project("{FAE04EC0-301F-11D3-BF4B-00C04F79EFBC}") = "Day01", "Day01\Day01.csproj", "{261301EC-6046-41E1-A09C-6286D1897C2D}"
EndProject
Project("{FAE04EC0-301F-11D3-BF4B-00C04F79EFBC}") = "Day02", "Day02\Day02.csproj", "{1C90BF22-ACA3-456A-89C2-19995072CB56}"
EndProject
Project("{FAE04EC0-301F-11D3-BF4B-00C04F79EFBC}") = "Day03", "Day03\Day03.csproj", "{7FBB5E13-764A-44A3-8643-D4478DE8DDEB}"
EndProject
Global
	GlobalSection(SolutionConfigurationPlatforms) = preSolution
		Debug|Any CPU = Debug|Any CPU
		Release|Any CPU = Release|Any CPU
	EndGlobalSection
	GlobalSection(ProjectConfigurationPlatforms) = postSolution
		{261301EC-6046-41E1-A09C-6286D1897C2D}.Debug|Any CPU.ActiveCfg = Debug|Any CPU
		{261301EC-6046-41E1-A09C-6286D1897C2D}.Debug|Any CPU.Build.0 = Debug|Any CPU
		{261301EC-6046-41E1-A09C-6286D1897C2D}.Release|Any CPU.ActiveCfg = Release|Any CPU
		{261301EC-6046-41E1-A09C-6286D1897C2D}.Release|Any CPU.Build.0 = Release|Any CPU
		{1C90BF22-ACA3-456A-89C2-19995072CB56}.Debug|Any CPU.ActiveCfg = Debug|Any CPU
		{1C90BF22-ACA3-456A-89C2-19995072CB56}.Debug|Any CPU.Build.0 = Debug|Any CPU
		{1C90BF22-ACA3-456A-89C2-19995072CB56}.Release|Any CPU.ActiveCfg = Release|Any CPU
		{1C90BF22-ACA3-456A-89C2-19995072CB56}.Release|Any CPU.Build.0 = Release|Any CPU
		{7FBB5E13-764A-44A3-8643-D4478DE8DDEB}.Debug|Any CPU.ActiveCfg = Debug|Any CPU
		{7FBB5E13-764A-44A3-8643-D4478DE8DDEB}.Debug|Any CPU.Build.0 = Debug|Any CPU
		{7FBB5E13-764A-44A3-8643-D4478DE8DDEB}.Release|Any CPU.ActiveCfg = Release|Any CPU
		{7FBB5E13-764A-44A3-8643-D4478DE8DDEB}.Release|Any CPU.Build.0 = Release|Any CPU
	EndGlobalSection
EndGlobal
