
Microsoft Visual Studio Solution File, Format Version 12.00
Project("{FAE04EC0-301F-11D3-BF4B-00C04F79EFBC}") = "Day01", "Day01\Day01.csproj", "{261301EC-6046-41E1-A09C-6286D1897C2D}"
EndProject
Project("{FAE04EC0-301F-11D3-BF4B-00C04F79EFBC}") = "Day02", "Day02\Day02.csproj", "{1C90BF22-ACA3-456A-89C2-19995072CB56}"
EndProject
Project("{FAE04EC0-301F-11D3-BF4B-00C04F79EFBC}") = "Day03", "Day03\Day03.csproj", "{7FBB5E13-764A-44A3-8643-D4478DE8DDEB}"
EndProject
Project("{FAE04EC0-301F-11D3-BF4B-00C04F79EFBC}") = "Day04", "Day04\Day04.csproj", "{C983771E-56D1-4EF4-9DBB-DD24C1095353}"
EndProject
Project("{FAE04EC0-301F-11D3-BF4B-00C04F79EFBC}") = "Day05", "Day05\Day05.csproj", "{4460FE1C-2039-4535-AB5A-B90F1C80E73B}"
EndProject
Project("{FAE04EC0-301F-11D3-BF4B-00C04F79EFBC}") = "Day06", "Day06\Day06.csproj", "{52B73C88-DECA-4D23-8597-8DF142CF3B01}"
EndProject
Project("{FAE04EC0-301F-11D3-BF4B-00C04F79EFBC}") = "Day07", "Day07\Day07.csproj", "{2FF0522B-B9C1-4A10-9469-3136E558FCB1}"
EndProject
Project("{FAE04EC0-301F-11D3-BF4B-00C04F79EFBC}") = "Day08", "Day08\Day08.csproj", "{5539E265-2432-486B-B708-5EBF68693DA1}"
EndProject
Project("{FAE04EC0-301F-11D3-BF4B-00C04F79EFBC}") = "Day09", "Day09\Day09.csproj", "{F78168C5-D778-404C-BCF3-10EC17D5A5A3}"
EndProject
Global
	GlobalSection(SolutionConfigurationPlatforms) = preSolution
		Debug|Any CPU = Debug|Any CPU
		Release|Any CPU = Release|Any CPU
	EndGlobalSection
	GlobalSection(ProjectConfigurationPlatforms) = postSolution
		{261301EC-6046-41E1-A09C-6286D1897C2D}.Debug|Any CPU.ActiveCfg = Debug|Any CPU
		{261301EC-6046-41E1-A09C-6286D1897C2D}.Debug|Any CPU.Build.0 = Debug|Any CPU
		{261301EC-6046-41E1-A09C-6286D1897C2D}.Release|Any CPU.ActiveCfg = Release|Any CPU
		{261301EC-6046-41E1-A09C-6286D1897C2D}.Release|Any CPU.Build.0 = Release|Any CPU
		{1C90BF22-ACA3-456A-89C2-19995072CB56}.Debug|Any CPU.ActiveCfg = Debug|Any CPU
		{1C90BF22-ACA3-456A-89C2-19995072CB56}.Debug|Any CPU.Build.0 = Debug|Any CPU
		{1C90BF22-ACA3-456A-89C2-19995072CB56}.Release|Any CPU.ActiveCfg = Release|Any CPU
		{1C90BF22-ACA3-456A-89C2-19995072CB56}.Release|Any CPU.Build.0 = Release|Any CPU
		{7FBB5E13-764A-44A3-8643-D4478DE8DDEB}.Debug|Any CPU.ActiveCfg = Debug|Any CPU
		{7FBB5E13-764A-44A3-8643-D4478DE8DDEB}.Debug|Any CPU.Build.0 = Debug|Any CPU
		{7FBB5E13-764A-44A3-8643-D4478DE8DDEB}.Release|Any CPU.ActiveCfg = Release|Any CPU
		{7FBB5E13-764A-44A3-8643-D4478DE8DDEB}.Release|Any CPU.Build.0 = Release|Any CPU
		{C983771E-56D1-4EF4-9DBB-DD24C1095353}.Debug|Any CPU.ActiveCfg = Debug|Any CPU
		{C983771E-56D1-4EF4-9DBB-DD24C1095353}.Debug|Any CPU.Build.0 = Debug|Any CPU
		{C983771E-56D1-4EF4-9DBB-DD24C1095353}.Release|Any CPU.ActiveCfg = Release|Any CPU
		{C983771E-56D1-4EF4-9DBB-DD24C1095353}.Release|Any CPU.Build.0 = Release|Any CPU
		{4460FE1C-2039-4535-AB5A-B90F1C80E73B}.Debug|Any CPU.ActiveCfg = Debug|Any CPU
		{4460FE1C-2039-4535-AB5A-B90F1C80E73B}.Debug|Any CPU.Build.0 = Debug|Any CPU
		{4460FE1C-2039-4535-AB5A-B90F1C80E73B}.Release|Any CPU.ActiveCfg = Release|Any CPU
		{4460FE1C-2039-4535-AB5A-B90F1C80E73B}.Release|Any CPU.Build.0 = Release|Any CPU
		{52B73C88-DECA-4D23-8597-8DF142CF3B01}.Debug|Any CPU.ActiveCfg = Debug|Any CPU
		{52B73C88-DECA-4D23-8597-8DF142CF3B01}.Debug|Any CPU.Build.0 = Debug|Any CPU
		{52B73C88-DECA-4D23-8597-8DF142CF3B01}.Release|Any CPU.ActiveCfg = Release|Any CPU
		{52B73C88-DECA-4D23-8597-8DF142CF3B01}.Release|Any CPU.Build.0 = Release|Any CPU
		{2FF0522B-B9C1-4A10-9469-3136E558FCB1}.Debug|Any CPU.ActiveCfg = Debug|Any CPU
		{2FF0522B-B9C1-4A10-9469-3136E558FCB1}.Debug|Any CPU.Build.0 = Debug|Any CPU
		{2FF0522B-B9C1-4A10-9469-3136E558FCB1}.Release|Any CPU.ActiveCfg = Release|Any CPU
		{2FF0522B-B9C1-4A10-9469-3136E558FCB1}.Release|Any CPU.Build.0 = Release|Any CPU
		{5539E265-2432-486B-B708-5EBF68693DA1}.Debug|Any CPU.ActiveCfg = Debug|Any CPU
		{5539E265-2432-486B-B708-5EBF68693DA1}.Debug|Any CPU.Build.0 = Debug|Any CPU
		{5539E265-2432-486B-B708-5EBF68693DA1}.Release|Any CPU.ActiveCfg = Release|Any CPU
		{5539E265-2432-486B-B708-5EBF68693DA1}.Release|Any CPU.Build.0 = Release|Any CPU
		{F78168C5-D778-404C-BCF3-10EC17D5A5A3}.Debug|Any CPU.ActiveCfg = Debug|Any CPU
		{F78168C5-D778-404C-BCF3-10EC17D5A5A3}.Debug|Any CPU.Build.0 = Debug|Any CPU
		{F78168C5-D778-404C-BCF3-10EC17D5A5A3}.Release|Any CPU.ActiveCfg = Release|Any CPU
		{F78168C5-D778-404C-BCF3-10EC17D5A5A3}.Release|Any CPU.Build.0 = Release|Any CPU
	EndGlobalSection
EndGlobal
